
Microsoft Visual Studio Solution File, Format Version 12.00
# Visual Studio 15
VisualStudioVersion = 15.0.27130.2010
MinimumVisualStudioVersion = 10.0.40219.1
Project("{FAE04EC0-301F-11D3-BF4B-00C04F79EFBC}") = "testApp", "testApp\testApp.csproj", "{3A02C71B-513D-4E84-9CB2-D5AAA4126766}"
EndProject
Global
	GlobalSection(SolutionConfigurationPlatforms) = preSolution
		Debug|Any CPU = Debug|Any CPU
		Release|Any CPU = Release|Any CPU
	EndGlobalSection
	GlobalSection(ProjectConfigurationPlatforms) = postSolution
		{3A02C71B-513D-4E84-9CB2-D5AAA4126766}.Debug|Any CPU.ActiveCfg = Debug|Any CPU
		{3A02C71B-513D-4E84-9CB2-D5AAA4126766}.Debug|Any CPU.Build.0 = Debug|Any CPU
		{3A02C71B-513D-4E84-9CB2-D5AAA4126766}.Release|Any CPU.ActiveCfg = Release|Any CPU
		{3A02C71B-513D-4E84-9CB2-D5AAA4126766}.Release|Any CPU.Build.0 = Release|Any CPU
	EndGlobalSection
	GlobalSection(SolutionProperties) = preSolution
		HideSolutionNode = FALSE
	EndGlobalSection
	GlobalSection(ExtensibilityGlobals) = postSolution
		SolutionGuid = {B84F22D4-A9DF-423A-807B-37ED3BBB99DF}
	EndGlobalSection
EndGlobal
